
Microsoft Visual Studio Solution File, Format Version 12.00
# Visual Studio Version 16
VisualStudioVersion = 16.0.31729.503
MinimumVisualStudioVersion = 10.0.40219.1
Project("{FAE04EC0-301F-11D3-BF4B-00C04F79EFBC}") = "PokemonMiniTest", "PokemonMiniTest.csproj", "{71EC72DD-2E99-4A0E-82BE-603260FE4E27}"
EndProject
Project("{FAE04EC0-301F-11D3-BF4B-00C04F79EFBC}") = "PokemonMiniTest.Unit.Tests", "..\PokemonMiniTest.Unit.Tests\PokemonMiniTest.Unit.Tests.csproj", "{80B8C115-C4E1-456E-B580-4D1F0D794087}"
EndProject
Global
	GlobalSection(SolutionConfigurationPlatforms) = preSolution
		Debug|Any CPU = Debug|Any CPU
		Release|Any CPU = Release|Any CPU
	EndGlobalSection
	GlobalSection(ProjectConfigurationPlatforms) = postSolution
		{71EC72DD-2E99-4A0E-82BE-603260FE4E27}.Debug|Any CPU.ActiveCfg = Debug|Any CPU
		{71EC72DD-2E99-4A0E-82BE-603260FE4E27}.Debug|Any CPU.Build.0 = Debug|Any CPU
		{71EC72DD-2E99-4A0E-82BE-603260FE4E27}.Release|Any CPU.ActiveCfg = Release|Any CPU
		{71EC72DD-2E99-4A0E-82BE-603260FE4E27}.Release|Any CPU.Build.0 = Release|Any CPU
		{80B8C115-C4E1-456E-B580-4D1F0D794087}.Debug|Any CPU.ActiveCfg = Debug|Any CPU
		{80B8C115-C4E1-456E-B580-4D1F0D794087}.Debug|Any CPU.Build.0 = Debug|Any CPU
		{80B8C115-C4E1-456E-B580-4D1F0D794087}.Release|Any CPU.ActiveCfg = Release|Any CPU
		{80B8C115-C4E1-456E-B580-4D1F0D794087}.Release|Any CPU.Build.0 = Release|Any CPU
	EndGlobalSection
	GlobalSection(SolutionProperties) = preSolution
		HideSolutionNode = FALSE
	EndGlobalSection
	GlobalSection(ExtensibilityGlobals) = postSolution
		SolutionGuid = {0141D495-3A21-4205-A602-8661DBF336B0}
	EndGlobalSection
EndGlobal
